// !$*UTF8*$!
{
	archiveVersion = 1;
	classes = {
	};
	objectVersion = 48;
	objects = {

/* Begin PBXBuildFile section */
		D18B581F1F543C1F00620A89 /* AppDelegate.swift in Sources */ = {isa = PBXBuildFile; fileRef = D18B581E1F543C1F00620A89 /* AppDelegate.swift */; };
		D18B58231F543C1F00620A89 /* ViewController.swift in Sources */ = {isa = PBXBuildFile; fileRef = D18B58221F543C1F00620A89 /* ViewController.swift */; };
		D18B58261F543C1F00620A89 /* Main.storyboard in Resources */ = {isa = PBXBuildFile; fileRef = D18B58241F543C1F00620A89 /* Main.storyboard */; };
		D18B58281F543C1F00620A89 /* Assets.xcassets in Resources */ = {isa = PBXBuildFile; fileRef = D18B58271F543C1F00620A89 /* Assets.xcassets */; };
		D18B582B1F543C1F00620A89 /* LaunchScreen.storyboard in Resources */ = {isa = PBXBuildFile; fileRef = D18B58291F543C1F00620A89 /* LaunchScreen.storyboard */; };
		D1FF163E1F559790002869A3 /* VirutalScreen.swift in Sources */ = {isa = PBXBuildFile; fileRef = D1FF163D1F559790002869A3 /* VirutalScreen.swift */; };
		D1FF16401F56A9CD002869A3 /* Queue.swift in Sources */ = {isa = PBXBuildFile; fileRef = D1FF163F1F56A9CD002869A3 /* Queue.swift */; };
/* End PBXBuildFile section */

/* Begin PBXFileReference section */
		D18B581B1F543C1F00620A89 /* Television.app */ = {isa = PBXFileReference; explicitFileType = wrapper.application; includeInIndex = 0; path = Television.app; sourceTree = BUILT_PRODUCTS_DIR; };
		D18B581E1F543C1F00620A89 /* AppDelegate.swift */ = {isa = PBXFileReference; lastKnownFileType = sourcecode.swift; path = AppDelegate.swift; sourceTree = "<group>"; };
		D18B58221F543C1F00620A89 /* ViewController.swift */ = {isa = PBXFileReference; lastKnownFileType = sourcecode.swift; path = ViewController.swift; sourceTree = "<group>"; };
		D18B58251F543C1F00620A89 /* Base */ = {isa = PBXFileReference; lastKnownFileType = file.storyboard; name = Base; path = Base.lproj/Main.storyboard; sourceTree = "<group>"; };
		D18B58271F543C1F00620A89 /* Assets.xcassets */ = {isa = PBXFileReference; lastKnownFileType = folder.assetcatalog; path = Assets.xcassets; sourceTree = "<group>"; };
		D18B582A1F543C1F00620A89 /* Base */ = {isa = PBXFileReference; lastKnownFileType = file.storyboard; name = Base; path = Base.lproj/LaunchScreen.storyboard; sourceTree = "<group>"; };
		D18B582C1F543C1F00620A89 /* Info.plist */ = {isa = PBXFileReference; lastKnownFileType = text.plist.xml; path = Info.plist; sourceTree = "<group>"; };
		D1FF163D1F559790002869A3 /* VirutalScreen.swift */ = {isa = PBXFileReference; lastKnownFileType = sourcecode.swift; path = VirutalScreen.swift; sourceTree = "<group>"; };
		D1FF163F1F56A9CD002869A3 /* Queue.swift */ = {isa = PBXFileReference; lastKnownFileType = sourcecode.swift; path = Queue.swift; sourceTree = "<group>"; };
/* End PBXFileReference section */

/* Begin PBXFrameworksBuildPhase section */
		D18B58181F543C1F00620A89 /* Frameworks */ = {
			isa = PBXFrameworksBuildPhase;
			buildActionMask = 2147483647;
			files = (
			);
			runOnlyForDeploymentPostprocessing = 0;
		};
/* End PBXFrameworksBuildPhase section */

/* Begin PBXGroup section */
		D18B58121F543C1F00620A89 = {
			isa = PBXGroup;
			children = (
				D18B581D1F543C1F00620A89 /* Television */,
				D18B581C1F543C1F00620A89 /* Products */,
			);
			sourceTree = "<group>";
		};
		D18B581C1F543C1F00620A89 /* Products */ = {
			isa = PBXGroup;
			children = (
				D18B581B1F543C1F00620A89 /* Television.app */,
			);
			name = Products;
			sourceTree = "<group>";
		};
		D18B581D1F543C1F00620A89 /* Television */ = {
			isa = PBXGroup;
			children = (
				D18B581E1F543C1F00620A89 /* AppDelegate.swift */,
				D18B58221F543C1F00620A89 /* ViewController.swift */,
				D18B58241F543C1F00620A89 /* Main.storyboard */,
				D18B58271F543C1F00620A89 /* Assets.xcassets */,
				D18B58291F543C1F00620A89 /* LaunchScreen.storyboard */,
				D18B582C1F543C1F00620A89 /* Info.plist */,
				D1FF163D1F559790002869A3 /* VirutalScreen.swift */,
				D1FF163F1F56A9CD002869A3 /* Queue.swift */,
			);
			path = Television;
			sourceTree = "<group>";
		};
/* End PBXGroup section */

/* Begin PBXNativeTarget section */
		D18B581A1F543C1F00620A89 /* Television */ = {
			isa = PBXNativeTarget;
			buildConfigurationList = D18B582F1F543C1F00620A89 /* Build configuration list for PBXNativeTarget "Television" */;
			buildPhases = (
				D18B58171F543C1F00620A89 /* Sources */,
				D18B58181F543C1F00620A89 /* Frameworks */,
				D18B58191F543C1F00620A89 /* Resources */,
			);
			buildRules = (
			);
			dependencies = (
			);
			name = Television;
			productName = Television;
			productReference = D18B581B1F543C1F00620A89 /* Television.app */;
			productType = "com.apple.product-type.application";
		};
/* End PBXNativeTarget section */

/* Begin PBXProject section */
		D18B58131F543C1F00620A89 /* Project object */ = {
			isa = PBXProject;
			attributes = {
				LastSwiftUpdateCheck = 0900;
				LastUpgradeCheck = 0900;
				ORGANIZATIONNAME = "Walter Nordström";
				TargetAttributes = {
					D18B581A1F543C1F00620A89 = {
						CreatedOnToolsVersion = 9.0;
					};
				};
			};
			buildConfigurationList = D18B58161F543C1F00620A89 /* Build configuration list for PBXProject "Television" */;
			compatibilityVersion = "Xcode 8.0";
			developmentRegion = en;
			hasScannedForEncodings = 0;
			knownRegions = (
				en,
				Base,
			);
			mainGroup = D18B58121F543C1F00620A89;
			productRefGroup = D18B581C1F543C1F00620A89 /* Products */;
			projectDirPath = "";
			projectRoot = "";
			targets = (
				D18B581A1F543C1F00620A89 /* Television */,
			);
		};
/* End PBXProject section */

/* Begin PBXResourcesBuildPhase section */
		D18B58191F543C1F00620A89 /* Resources */ = {
			isa = PBXResourcesBuildPhase;
			buildActionMask = 2147483647;
			files = (
				D18B582B1F543C1F00620A89 /* LaunchScreen.storyboard in Resources */,
				D18B58281F543C1F00620A89 /* Assets.xcassets in Resources */,
				D18B58261F543C1F00620A89 /* Main.storyboard in Resources */,
			);
			runOnlyForDeploymentPostprocessing = 0;
		};
/* End PBXResourcesBuildPhase section */

/* Begin PBXSourcesBuildPhase section */
		D18B58171F543C1F00620A89 /* Sources */ = {
			isa = PBXSourcesBuildPhase;
			buildActionMask = 2147483647;
			files = (
				D1FF16401F56A9CD002869A3 /* Queue.swift in Sources */,
				D18B58231F543C1F00620A89 /* ViewController.swift in Sources */,
				D1FF163E1F559790002869A3 /* VirutalScreen.swift in Sources */,
				D18B581F1F543C1F00620A89 /* AppDelegate.swift in Sources */,
			);
			runOnlyForDeploymentPostprocessing = 0;
		};
/* End PBXSourcesBuildPhase section */

/* Begin PBXVariantGroup section */
		D18B58241F543C1F00620A89 /* Main.storyboard */ = {
			isa = PBXVariantGroup;
			children = (
				D18B58251F543C1F00620A89 /* Base */,
			);
			name = Main.storyboard;
			sourceTree = "<group>";
		};
		D18B58291F543C1F00620A89 /* LaunchScreen.storyboard */ = {
			isa = PBXVariantGroup;
			children = (
				D18B582A1F543C1F00620A89 /* Base */,
			);
			name = LaunchScreen.storyboard;
			sourceTree = "<group>";
		};
/* End PBXVariantGroup section */

/* Begin XCBuildConfiguration section */
		D18B582D1F543C1F00620A89 /* Debug */ = {
			isa = XCBuildConfiguration;
			buildSettings = {
				ALWAYS_SEARCH_USER_PATHS = NO;
				CLANG_ANALYZER_NONNULL = YES;
				CLANG_ANALYZER_NUMBER_OBJECT_CONVERSION = YES_AGGRESSIVE;
				CLANG_CXX_LANGUAGE_STANDARD = "gnu++14";
				CLANG_CXX_LIBRARY = "libc++";
				CLANG_ENABLE_MODULES = YES;
				CLANG_ENABLE_OBJC_ARC = YES;
				CLANG_WARN_BLOCK_CAPTURE_AUTORELEASING = YES;
				CLANG_WARN_BOOL_CONVERSION = YES;
				CLANG_WARN_COMMA = YES;
				CLANG_WARN_CONSTANT_CONVERSION = YES;
				CLANG_WARN_DIRECT_OBJC_ISA_USAGE = YES_ERROR;
				CLANG_WARN_DOCUMENTATION_COMMENTS = YES;
				CLANG_WARN_EMPTY_BODY = YES;
				CLANG_WARN_ENUM_CONVERSION = YES;
				CLANG_WARN_INFINITE_RECURSION = YES;
				CLANG_WARN_INT_CONVERSION = YES;
				CLANG_WARN_NON_LITERAL_NULL_CONVERSION = YES;
				CLANG_WARN_OBJC_LITERAL_CONVERSION = YES;
				CLANG_WARN_OBJC_ROOT_CLASS = YES_ERROR;
				CLANG_WARN_RANGE_LOOP_ANALYSIS = YES;
				CLANG_WARN_STRICT_PROTOTYPES = YES;
				CLANG_WARN_SUSPICIOUS_MOVE = YES;
				CLANG_WARN_UNGUARDED_AVAILABILITY = YES_AGGRESSIVE;
				CLANG_WARN_UNREACHABLE_CODE = YES;
				CLANG_WARN__DUPLICATE_METHOD_MATCH = YES;
				CODE_SIGN_IDENTITY = "iPhone Developer";
				COPY_PHASE_STRIP = NO;
				DEBUG_INFORMATION_FORMAT = dwarf;
				ENABLE_STRICT_OBJC_MSGSEND = YES;
				ENABLE_TESTABILITY = YES;
				GCC_C_LANGUAGE_STANDARD = gnu11;
				GCC_DYNAMIC_NO_PIC = NO;
				GCC_NO_COMMON_BLOCKS = YES;
				GCC_OPTIMIZATION_LEVEL = 0;
				GCC_PREPROCESSOR_DEFINITIONS = (
					"DEBUG=1",
					"$(inherited)",
				);
				GCC_WARN_64_TO_32_BIT_CONVERSION = YES;
				GCC_WARN_ABOUT_RETURN_TYPE = YES_ERROR;
				GCC_WARN_UNDECLARED_SELECTOR = YES;
				GCC_WARN_UNINITIALIZED_AUTOS = YES_AGGRESSIVE;
				GCC_WARN_UNUSED_FUNCTION = YES;
				GCC_WARN_UNUSED_VARIABLE = YES;
				IPHONEOS_DEPLOYMENT_TARGET = 11.0;
				MTL_ENABLE_DEBUG_INFO = YES;
				ONLY_ACTIVE_ARCH = YES;
				SDKROOT = iphoneos;
				SWIFT_ACTIVE_COMPILATION_CONDITIONS = DEBUG;
				SWIFT_OPTIMIZATION_LEVEL = "-Onone";
			};
			name = Debug;
		};
		D18B582E1F543C1F00620A89 /* Release */ = {
			isa = XCBuildConfiguration;
			buildSettings = {
				ALWAYS_SEARCH_USER_PATHS = NO;
				CLANG_ANALYZER_NONNULL = YES;
				CLANG_ANALYZER_NUMBER_OBJECT_CONVERSION = YES_AGGRESSIVE;
				CLANG_CXX_LANGUAGE_STANDARD = "gnu++14";
				CLANG_CXX_LIBRARY = "libc++";
				CLANG_ENABLE_MODULES = YES;
				CLANG_ENABLE_OBJC_ARC = YES;
				CLANG_WARN_BLOCK_CAPTURE_AUTORELEASING = YES;
				CLANG_WARN_BOOL_CONVERSION = YES;
				CLANG_WARN_COMMA = YES;
				CLANG_WARN_CONSTANT_CONVERSION = YES;
				CLANG_WARN_DIRECT_OBJC_ISA_USAGE = YES_ERROR;
				CLANG_WARN_DOCUMENTATION_COMMENTS = YES;
				CLANG_WARN_EMPTY_BODY = YES;
				CLANG_WARN_ENUM_CONVERSION = YES;
				CLANG_WARN_INFINITE_RECURSION = YES;
				CLANG_WARN_INT_CONVERSION = YES;
				CLANG_WARN_NON_LITERAL_NULL_CONVERSION = YES;
				CLANG_WARN_OBJC_LITERAL_CONVERSION = YES;
				CLANG_WARN_OBJC_ROOT_CLASS = YES_ERROR;
				CLANG_WARN_RANGE_LOOP_ANALYSIS = YES;
				CLANG_WARN_STRICT_PROTOTYPES = YES;
				CLANG_WARN_SUSPICIOUS_MOVE = YES;
				CLANG_WARN_UNGUARDED_AVAILABILITY = YES_AGGRESSIVE;
				CLANG_WARN_UNREACHABLE_CODE = YES;
				CLANG_WARN__DUPLICATE_METHOD_MATCH = YES;
				CODE_SIGN_IDENTITY = "iPhone Developer";
				COPY_PHASE_STRIP = NO;
				DEBUG_INFORMATION_FORMAT = "dwarf-with-dsym";
				ENABLE_NS_ASSERTIONS = NO;
				ENABLE_STRICT_OBJC_MSGSEND = YES;
				GCC_C_LANGUAGE_STANDARD = gnu11;
				GCC_NO_COMMON_BLOCKS = YES;
				GCC_WARN_64_TO_32_BIT_CONVERSION = YES;
				GCC_WARN_ABOUT_RETURN_TYPE = YES_ERROR;
				GCC_WARN_UNDECLARED_SELECTOR = YES;
				GCC_WARN_UNINITIALIZED_AUTOS = YES_AGGRESSIVE;
				GCC_WARN_UNUSED_FUNCTION = YES;
				GCC_WARN_UNUSED_VARIABLE = YES;
				IPHONEOS_DEPLOYMENT_TARGET = 11.0;
				MTL_ENABLE_DEBUG_INFO = NO;
				SDKROOT = iphoneos;
				SWIFT_OPTIMIZATION_LEVEL = "-Owholemodule";
				VALIDATE_PRODUCT = YES;
			};
			name = Release;
		};
		D18B58301F543C1F00620A89 /* Debug */ = {
			isa = XCBuildConfiguration;
			buildSettings = {
				ASSETCATALOG_COMPILER_APPICON_NAME = AppIcon;
				DEVELOPMENT_TEAM = 79F3NR2X3S;
				INFOPLIST_FILE = Television/Info.plist;
				LD_RUNPATH_SEARCH_PATHS = "$(inherited) @executable_path/Frameworks";
				PRODUCT_BUNDLE_IDENTIFIER = com.nstrm.Television;
				PRODUCT_NAME = "$(TARGET_NAME)";
				SWIFT_VERSION = 4.0;
				TARGETED_DEVICE_FAMILY = "1,2";
			};
			name = Debug;
		};
		D18B58311F543C1F00620A89 /* Release */ = {
			isa = XCBuildConfiguration;
			buildSettings = {
				ASSETCATALOG_COMPILER_APPICON_NAME = AppIcon;
				DEVELOPMENT_TEAM = 79F3NR2X3S;
				INFOPLIST_FILE = Television/Info.plist;
				LD_RUNPATH_SEARCH_PATHS = "$(inherited) @executable_path/Frameworks";
				PRODUCT_BUNDLE_IDENTIFIER = com.nstrm.Television;
				PRODUCT_NAME = "$(TARGET_NAME)";
				SWIFT_VERSION = 4.0;
				TARGETED_DEVICE_FAMILY = "1,2";
			};
			name = Release;
		};
/* End XCBuildConfiguration section */

/* Begin XCConfigurationList section */
		D18B58161F543C1F00620A89 /* Build configuration list for PBXProject "Television" */ = {
			isa = XCConfigurationList;
			buildConfigurations = (
				D18B582D1F543C1F00620A89 /* Debug */,
				D18B582E1F543C1F00620A89 /* Release */,
			);
			defaultConfigurationIsVisible = 0;
			defaultConfigurationName = Release;
		};
		D18B582F1F543C1F00620A89 /* Build configuration list for PBXNativeTarget "Television" */ = {
			isa = XCConfigurationList;
			buildConfigurations = (
				D18B58301F543C1F00620A89 /* Debug */,
				D18B58311F543C1F00620A89 /* Release */,
			);
			defaultConfigurationIsVisible = 0;
			defaultConfigurationName = Release;
		};
/* End XCConfigurationList section */
	};
	rootObject = D18B58131F543C1F00620A89 /* Project object */;
}
